
Microsoft Visual Studio Solution File, Format Version 12.00
# Visual Studio Version 17
VisualStudioVersion = 17.9.34728.123
MinimumVisualStudioVersion = 10.0.40219.1
Project("{9A19103F-16F7-4668-BE54-9A1E7A4F7556}") = "MilkyProject.WebApi", "MilkyProject.WebApi\MilkyProject.WebApi.csproj", "{CD8B4955-FD9F-4C19-83ED-8982703F24A9}"
EndProject
Project("{9A19103F-16F7-4668-BE54-9A1E7A4F7556}") = "MilkyProject.EntityLayer", "MilkyProject.EntityLayer\MilkyProject.EntityLayer.csproj", "{1EED6E0C-4E0B-4623-8BBA-4C2E5B32D6EB}"
EndProject
Project("{9A19103F-16F7-4668-BE54-9A1E7A4F7556}") = "MilkyProject.DataAccessLayer", "MilkyProject.DataAccessLayer\MilkyProject.DataAccessLayer.csproj", "{110B379B-9A59-4755-8BC4-468DAEECEA6B}"
EndProject
Project("{9A19103F-16F7-4668-BE54-9A1E7A4F7556}") = "MilkyProject.BusinnessLayer", "MilkyProject.BusinnessLayer\MilkyProject.BusinnessLayer.csproj", "{3346E8AE-8E46-455D-A6AA-52CAF83A35C4}"
EndProject
Project("{9A19103F-16F7-4668-BE54-9A1E7A4F7556}") = "MilkyProject.DtoLayer", "MilkyProject.DtoLayer\MilkyProject.DtoLayer.csproj", "{80072C5E-CFC1-4974-ADF1-A38653DEE80C}"
EndProject
Project("{FAE04EC0-301F-11D3-BF4B-00C04F79EFBC}") = "MilkyProject.WebUi", "MilkyProject.WebUi\MilkyProject.WebUi.csproj", "{A50D44D9-4802-4369-9DD0-3EC0CD5AE616}"
EndProject
Global
	GlobalSection(SolutionConfigurationPlatforms) = preSolution
		Debug|Any CPU = Debug|Any CPU
		Release|Any CPU = Release|Any CPU
	EndGlobalSection
	GlobalSection(ProjectConfigurationPlatforms) = postSolution
		{CD8B4955-FD9F-4C19-83ED-8982703F24A9}.Debug|Any CPU.ActiveCfg = Debug|Any CPU
		{CD8B4955-FD9F-4C19-83ED-8982703F24A9}.Debug|Any CPU.Build.0 = Debug|Any CPU
		{CD8B4955-FD9F-4C19-83ED-8982703F24A9}.Release|Any CPU.ActiveCfg = Release|Any CPU
		{CD8B4955-FD9F-4C19-83ED-8982703F24A9}.Release|Any CPU.Build.0 = Release|Any CPU
		{1EED6E0C-4E0B-4623-8BBA-4C2E5B32D6EB}.Debug|Any CPU.ActiveCfg = Debug|Any CPU
		{1EED6E0C-4E0B-4623-8BBA-4C2E5B32D6EB}.Debug|Any CPU.Build.0 = Debug|Any CPU
		{1EED6E0C-4E0B-4623-8BBA-4C2E5B32D6EB}.Release|Any CPU.ActiveCfg = Release|Any CPU
		{1EED6E0C-4E0B-4623-8BBA-4C2E5B32D6EB}.Release|Any CPU.Build.0 = Release|Any CPU
		{110B379B-9A59-4755-8BC4-468DAEECEA6B}.Debug|Any CPU.ActiveCfg = Debug|Any CPU
		{110B379B-9A59-4755-8BC4-468DAEECEA6B}.Debug|Any CPU.Build.0 = Debug|Any CPU
		{110B379B-9A59-4755-8BC4-468DAEECEA6B}.Release|Any CPU.ActiveCfg = Release|Any CPU
		{110B379B-9A59-4755-8BC4-468DAEECEA6B}.Release|Any CPU.Build.0 = Release|Any CPU
		{3346E8AE-8E46-455D-A6AA-52CAF83A35C4}.Debug|Any CPU.ActiveCfg = Debug|Any CPU
		{3346E8AE-8E46-455D-A6AA-52CAF83A35C4}.Debug|Any CPU.Build.0 = Debug|Any CPU
		{3346E8AE-8E46-455D-A6AA-52CAF83A35C4}.Release|Any CPU.ActiveCfg = Release|Any CPU
		{3346E8AE-8E46-455D-A6AA-52CAF83A35C4}.Release|Any CPU.Build.0 = Release|Any CPU
		{80072C5E-CFC1-4974-ADF1-A38653DEE80C}.Debug|Any CPU.ActiveCfg = Debug|Any CPU
		{80072C5E-CFC1-4974-ADF1-A38653DEE80C}.Debug|Any CPU.Build.0 = Debug|Any CPU
		{80072C5E-CFC1-4974-ADF1-A38653DEE80C}.Release|Any CPU.ActiveCfg = Release|Any CPU
		{80072C5E-CFC1-4974-ADF1-A38653DEE80C}.Release|Any CPU.Build.0 = Release|Any CPU
		{A50D44D9-4802-4369-9DD0-3EC0CD5AE616}.Debug|Any CPU.ActiveCfg = Debug|Any CPU
		{A50D44D9-4802-4369-9DD0-3EC0CD5AE616}.Debug|Any CPU.Build.0 = Debug|Any CPU
		{A50D44D9-4802-4369-9DD0-3EC0CD5AE616}.Release|Any CPU.ActiveCfg = Release|Any CPU
		{A50D44D9-4802-4369-9DD0-3EC0CD5AE616}.Release|Any CPU.Build.0 = Release|Any CPU
	EndGlobalSection
	GlobalSection(SolutionProperties) = preSolution
		HideSolutionNode = FALSE
	EndGlobalSection
	GlobalSection(ExtensibilityGlobals) = postSolution
		SolutionGuid = {0042D15C-D51F-4A75-87D4-2527F25DF453}
	EndGlobalSection
EndGlobal
